// !$*UTF8*$!
{
	archiveVersion = 1;
	classes = {
	};
	objectVersion = 46;
	objects = {

/* Begin PBXBuildFile section */
		045B2303191556C000C8781D /* ACTextView.m in Sources */ = {isa = PBXBuildFile; fileRef = 045B2302191556C000C8781D /* ACTextView.m */; };
		0480A7F01912D8D40048880A /* ACTableViewCell.m in Sources */ = {isa = PBXBuildFile; fileRef = 0480A7EF1912D8D40048880A /* ACTableViewCell.m */; };
		04853890191157E0000853EB /* Foundation.framework in Frameworks */ = {isa = PBXBuildFile; fileRef = 0485388F191157E0000853EB /* Foundation.framework */; };
		0485389E191157E1000853EB /* XCTest.framework in Frameworks */ = {isa = PBXBuildFile; fileRef = 0485389D191157E1000853EB /* XCTest.framework */; };
		0485389F191157E1000853EB /* Foundation.framework in Frameworks */ = {isa = PBXBuildFile; fileRef = 0485388F191157E0000853EB /* Foundation.framework */; };
		048538A1191157E1000853EB /* UIKit.framework in Frameworks */ = {isa = PBXBuildFile; fileRef = 048538A0191157E1000853EB /* UIKit.framework */; };
		048538A4191157E1000853EB /* libACCommon.a in Frameworks */ = {isa = PBXBuildFile; fileRef = 0485388C191157E0000853EB /* libACCommon.a */; };
		048538AA191157E2000853EB /* InfoPlist.strings in Resources */ = {isa = PBXBuildFile; fileRef = 048538A8191157E2000853EB /* InfoPlist.strings */; };
		048538AC191157E2000853EB /* ACCommonTests.m in Sources */ = {isa = PBXBuildFile; fileRef = 048538AB191157E2000853EB /* ACCommonTests.m */; };
		04853A32191165C6000853EB /* ACUtilitys.m in Sources */ = {isa = PBXBuildFile; fileRef = 04853A31191165C6000853EB /* ACUtilitys.m */; };
		04853ABC19116F7E000853EB /* AFHTTPRequestOperation.m in Sources */ = {isa = PBXBuildFile; fileRef = 04853A5919116F7E000853EB /* AFHTTPRequestOperation.m */; };
		04853ABD19116F7E000853EB /* AFHTTPRequestOperationManager.m in Sources */ = {isa = PBXBuildFile; fileRef = 04853A5B19116F7E000853EB /* AFHTTPRequestOperationManager.m */; };
		04853ABE19116F7E000853EB /* AFHTTPSessionManager.m in Sources */ = {isa = PBXBuildFile; fileRef = 04853A5D19116F7E000853EB /* AFHTTPSessionManager.m */; };
		04853ABF19116F7E000853EB /* AFNetworkReachabilityManager.m in Sources */ = {isa = PBXBuildFile; fileRef = 04853A6019116F7E000853EB /* AFNetworkReachabilityManager.m */; };
		04853AC019116F7E000853EB /* AFSecurityPolicy.m in Sources */ = {isa = PBXBuildFile; fileRef = 04853A6219116F7E000853EB /* AFSecurityPolicy.m */; };
		04853AC119116F7E000853EB /* AFURLConnectionOperation.m in Sources */ = {isa = PBXBuildFile; fileRef = 04853A6419116F7E000853EB /* AFURLConnectionOperation.m */; };
		04853AC219116F7E000853EB /* AFURLRequestSerialization.m in Sources */ = {isa = PBXBuildFile; fileRef = 04853A6619116F7E000853EB /* AFURLRequestSerialization.m */; };
		04853AC319116F7E000853EB /* AFURLResponseSerialization.m in Sources */ = {isa = PBXBuildFile; fileRef = 04853A6819116F7E000853EB /* AFURLResponseSerialization.m */; };
		04853AC419116F7E000853EB /* AFURLSessionManager.m in Sources */ = {isa = PBXBuildFile; fileRef = 04853A6A19116F7E000853EB /* AFURLSessionManager.m */; };
		04853AC519116F7E000853EB /* ChineseToPinyin.m in Sources */ = {isa = PBXBuildFile; fileRef = 04853A6D19116F7E000853EB /* ChineseToPinyin.m */; };
		04853AC619116F7E000853EB /* GTMBase64.m in Sources */ = {isa = PBXBuildFile; fileRef = 04853A7019116F7E000853EB /* GTMBase64.m */; };
		04853AC719116F7E000853EB /* PullingRefreshTableView.m in Sources */ = {isa = PBXBuildFile; fileRef = 04853A7519116F7E000853EB /* PullingRefreshTableView.m */; };
		04853AC819116F7E000853EB /* Reachability.m in Sources */ = {isa = PBXBuildFile; fileRef = 04853A7819116F7E000853EB /* Reachability.m */; };
		04853AC919116F7E000853EB /* SDImageCache.m in Sources */ = {isa = PBXBuildFile; fileRef = 04853A7C19116F7E000853EB /* SDImageCache.m */; };
		04853ACA19116F7E000853EB /* MKAnnotationView+WebCache.m in Sources */ = {isa = PBXBuildFile; fileRef = 04853A7F19116F7E000853EB /* MKAnnotationView+WebCache.m */; };
		04853ACB19116F7E000853EB /* NSData+ImageContentType.m in Sources */ = {isa = PBXBuildFile; fileRef = 04853A8119116F7E000853EB /* NSData+ImageContentType.m */; };
		04853ACC19116F7E000853EB /* UIButton+WebCache.m in Sources */ = {isa = PBXBuildFile; fileRef = 04853A8319116F7E000853EB /* UIButton+WebCache.m */; };
		04853ACD19116F7E000853EB /* UIImage+GIF.m in Sources */ = {isa = PBXBuildFile; fileRef = 04853A8519116F7E000853EB /* UIImage+GIF.m */; };
		04853ACE19116F7E000853EB /* UIImage+MultiFormat.m in Sources */ = {isa = PBXBuildFile; fileRef = 04853A8719116F7E000853EB /* UIImage+MultiFormat.m */; };
		04853ACF19116F7E000853EB /* UIImage+WebP.m in Sources */ = {isa = PBXBuildFile; fileRef = 04853A8919116F7E000853EB /* UIImage+WebP.m */; };
		04853AD019116F7E000853EB /* UIImageView+WebCache.m in Sources */ = {isa = PBXBuildFile; fileRef = 04853A8B19116F7E000853EB /* UIImageView+WebCache.m */; };
		04853AD119116F7E000853EB /* SDWebImageDownloader.m in Sources */ = {isa = PBXBuildFile; fileRef = 04853A8E19116F7E000853EB /* SDWebImageDownloader.m */; };
		04853AD219116F7E000853EB /* SDWebImageDownloaderOperation.m in Sources */ = {isa = PBXBuildFile; fileRef = 04853A9019116F7E000853EB /* SDWebImageDownloaderOperation.m */; };
		04853AD319116F7E000853EB /* SDWebImageCompat.m in Sources */ = {isa = PBXBuildFile; fileRef = 04853A9219116F7E000853EB /* SDWebImageCompat.m */; };
		04853AD419116F7E000853EB /* SDWebImageDecoder.m in Sources */ = {isa = PBXBuildFile; fileRef = 04853A9619116F7E000853EB /* SDWebImageDecoder.m */; };
		04853AD519116F7E000853EB /* SDWebImageManager.m in Sources */ = {isa = PBXBuildFile; fileRef = 04853A9819116F7E000853EB /* SDWebImageManager.m */; };
		04853AD619116F7E000853EB /* SDWebImagePrefetcher.m in Sources */ = {isa = PBXBuildFile; fileRef = 04853A9A19116F7E000853EB /* SDWebImagePrefetcher.m */; };
		04853AD719116F7E000853EB /* SoundManager.m in Sources */ = {isa = PBXBuildFile; fileRef = 04853A9E19116F7E000853EB /* SoundManager.m */; };
		04853AD819116F7E000853EB /* SVProgressHUD.m in Sources */ = {isa = PBXBuildFile; fileRef = 04853AA319116F7E000853EB /* SVProgressHUD.m */; };
		04853ADB19116F7E000853EB /* TTTAttributedLabel.m in Sources */ = {isa = PBXBuildFile; fileRef = 04853AAC19116F7E000853EB /* TTTAttributedLabel.m */; };
		04853AF01912AF7E000853EB /* ACTextField.m in Sources */ = {isa = PBXBuildFile; fileRef = 04853AEF1912AF7E000853EB /* ACTextField.m */; };
		048EAAA3192671C20030B406 /* ACNetworking.m in Sources */ = {isa = PBXBuildFile; fileRef = 048EAAA2192671C00030B406 /* ACNetworking.m */; };
		048EAAA7192676DD0030B406 /* ACAnimation.m in Sources */ = {isa = PBXBuildFile; fileRef = 048EAAA6192676DD0030B406 /* ACAnimation.m */; };
		048EAADD19268A040030B406 /* ASIAuthenticationDialog.m in Sources */ = {isa = PBXBuildFile; fileRef = 048EAAAA19268A040030B406 /* ASIAuthenticationDialog.m */; settings = {COMPILER_FLAGS = "-fno-objc-arc"; }; };
		048EAADE19268A040030B406 /* ASIDataCompressor.m in Sources */ = {isa = PBXBuildFile; fileRef = 048EAAAD19268A040030B406 /* ASIDataCompressor.m */; settings = {COMPILER_FLAGS = "-fno-objc-arc"; }; };
		048EAADF19268A040030B406 /* ASIDataDecompressor.m in Sources */ = {isa = PBXBuildFile; fileRef = 048EAAAF19268A040030B406 /* ASIDataDecompressor.m */; settings = {COMPILER_FLAGS = "-fno-objc-arc"; }; };
		048EAAE019268A040030B406 /* ASIDownloadCache.m in Sources */ = {isa = PBXBuildFile; fileRef = 048EAAB119268A040030B406 /* ASIDownloadCache.m */; settings = {COMPILER_FLAGS = "-fno-objc-arc"; }; };
		048EAAE119268A040030B406 /* ASIFormDataRequest.m in Sources */ = {isa = PBXBuildFile; fileRef = 048EAAB319268A040030B406 /* ASIFormDataRequest.m */; settings = {COMPILER_FLAGS = "-fno-objc-arc"; }; };
		048EAAE219268A040030B406 /* ASIHTTPRequest.m in Sources */ = {isa = PBXBuildFile; fileRef = 048EAAB519268A040030B406 /* ASIHTTPRequest.m */; settings = {COMPILER_FLAGS = "-fno-objc-arc"; }; };
		048EAAE319268A040030B406 /* ASIInputStream.m in Sources */ = {isa = PBXBuildFile; fileRef = 048EAAB919268A040030B406 /* ASIInputStream.m */; settings = {COMPILER_FLAGS = "-fno-objc-arc"; }; };
		048EAAE419268A040030B406 /* ASINetworkQueue.m in Sources */ = {isa = PBXBuildFile; fileRef = 048EAABB19268A040030B406 /* ASINetworkQueue.m */; settings = {COMPILER_FLAGS = "-fno-objc-arc"; }; };
		DD705C0D1957CEE6007DAE8C /* NSData+ACAdditions.m in Sources */ = {isa = PBXBuildFile; fileRef = DD705BFA1957CEE6007DAE8C /* NSData+ACAdditions.m */; };
		DD705C0E1957CEE6007DAE8C /* NSDate+ACAdditions.m in Sources */ = {isa = PBXBuildFile; fileRef = DD705BFC1957CEE6007DAE8C /* NSDate+ACAdditions.m */; };
		DD705C0F1957CEE6007DAE8C /* NSDictionary+ACAdditions.m in Sources */ = {isa = PBXBuildFile; fileRef = DD705BFE1957CEE6007DAE8C /* NSDictionary+ACAdditions.m */; };
		DD705C101957CEE6007DAE8C /* NSObject+ACAdditions.m in Sources */ = {isa = PBXBuildFile; fileRef = DD705C001957CEE6007DAE8C /* NSObject+ACAdditions.m */; };
		DD705C111957CEE6007DAE8C /* NSString+ACAdditions.m in Sources */ = {isa = PBXBuildFile; fileRef = DD705C021957CEE6007DAE8C /* NSString+ACAdditions.m */; };
		DD705C121957CEE6007DAE8C /* UIAlertView+ACAdditions.m in Sources */ = {isa = PBXBuildFile; fileRef = DD705C041957CEE6007DAE8C /* UIAlertView+ACAdditions.m */; };
		DD705C131957CEE6007DAE8C /* UIButton+ACAdditions.m in Sources */ = {isa = PBXBuildFile; fileRef = DD705C061957CEE6007DAE8C /* UIButton+ACAdditions.m */; };
		DD705C141957CEE6007DAE8C /* UIImage+ACAdditions.m in Sources */ = {isa = PBXBuildFile; fileRef = DD705C081957CEE6007DAE8C /* UIImage+ACAdditions.m */; };
		DD705C151957CEE6007DAE8C /* UIImageView+ACAdditions.m in Sources */ = {isa = PBXBuildFile; fileRef = DD705C0A1957CEE6007DAE8C /* UIImageView+ACAdditions.m */; };
		DD705C161957CEE6007DAE8C /* UIView+ACAdditions.m in Sources */ = {isa = PBXBuildFile; fileRef = DD705C0C1957CEE6007DAE8C /* UIView+ACAdditions.m */; };
		DD705C261957F076007DAE8C /* UIColor+ACAdditions.m in Sources */ = {isa = PBXBuildFile; fileRef = DD705C251957F076007DAE8C /* UIColor+ACAdditions.m */; };
		DD705C461957F85F007DAE8C /* SVModalWebViewController.m in Sources */ = {isa = PBXBuildFile; fileRef = DD705C311957F85F007DAE8C /* SVModalWebViewController.m */; };
		DD705C471957F85F007DAE8C /* SVWebViewController.m in Sources */ = {isa = PBXBuildFile; fileRef = DD705C341957F85F007DAE8C /* SVWebViewController.m */; };
		DD705C481957F85F007DAE8C /* SVWebViewControllerActivityChrome.m in Sources */ = {isa = PBXBuildFile; fileRef = DD705C3A1957F85F007DAE8C /* SVWebViewControllerActivityChrome.m */; };
		DD705C491957F85F007DAE8C /* SVWebViewControllerActivitySafari.m in Sources */ = {isa = PBXBuildFile; fileRef = DD705C401957F85F007DAE8C /* SVWebViewControllerActivitySafari.m */; };
		DD705C4A1957F85F007DAE8C /* SVWebViewControllerActivity.m in Sources */ = {isa = PBXBuildFile; fileRef = DD705C431957F85F007DAE8C /* SVWebViewControllerActivity.m */; };
/* End PBXBuildFile section */

/* Begin PBXContainerItemProxy section */
		048538A2191157E1000853EB /* PBXContainerItemProxy */ = {
			isa = PBXContainerItemProxy;
			containerPortal = 04853884191157DF000853EB /* Project object */;
			proxyType = 1;
			remoteGlobalIDString = 0485388B191157E0000853EB;
			remoteInfo = ACCommon;
		};
/* End PBXContainerItemProxy section */

/* Begin PBXCopyFilesBuildPhase section */
		0485388A191157E0000853EB /* CopyFiles */ = {
			isa = PBXCopyFilesBuildPhase;
			buildActionMask = 2147483647;
			dstPath = "include/$(PRODUCT_NAME)";
			dstSubfolderSpec = 16;
			files = (
			);
			runOnlyForDeploymentPostprocessing = 0;
		};
/* End PBXCopyFilesBuildPhase section */

/* Begin PBXFileReference section */
		045B230019154DDD00C8781D /* ACViews.h */ = {isa = PBXFileReference; fileEncoding = 4; lastKnownFileType = sourcecode.c.h; path = ACViews.h; sourceTree = "<group>"; };
		045B2301191556C000C8781D /* ACTextView.h */ = {isa = PBXFileReference; fileEncoding = 4; lastKnownFileType = sourcecode.c.h; path = ACTextView.h; sourceTree = "<group>"; };
		045B2302191556C000C8781D /* ACTextView.m */ = {isa = PBXFileReference; fileEncoding = 4; lastKnownFileType = sourcecode.c.objc; path = ACTextView.m; sourceTree = "<group>"; };
		0480A7EE1912D8D40048880A /* ACTableViewCell.h */ = {isa = PBXFileReference; fileEncoding = 4; lastKnownFileType = sourcecode.c.h; path = ACTableViewCell.h; sourceTree = "<group>"; };
		0480A7EF1912D8D40048880A /* ACTableViewCell.m */ = {isa = PBXFileReference; fileEncoding = 4; lastKnownFileType = sourcecode.c.objc; path = ACTableViewCell.m; sourceTree = "<group>"; };
		0485388C191157E0000853EB /* libACCommon.a */ = {isa = PBXFileReference; explicitFileType = archive.ar; includeInIndex = 0; path = libACCommon.a; sourceTree = BUILT_PRODUCTS_DIR; };
		0485388F191157E0000853EB /* Foundation.framework */ = {isa = PBXFileReference; lastKnownFileType = wrapper.framework; name = Foundation.framework; path = System/Library/Frameworks/Foundation.framework; sourceTree = SDKROOT; };
		04853893191157E0000853EB /* ACCommon-Prefix.pch */ = {isa = PBXFileReference; lastKnownFileType = sourcecode.c.h; path = "ACCommon-Prefix.pch"; sourceTree = "<group>"; };
		0485389C191157E1000853EB /* ACCommonTests.xctest */ = {isa = PBXFileReference; explicitFileType = wrapper.cfbundle; includeInIndex = 0; path = ACCommonTests.xctest; sourceTree = BUILT_PRODUCTS_DIR; };
		0485389D191157E1000853EB /* XCTest.framework */ = {isa = PBXFileReference; lastKnownFileType = wrapper.framework; name = XCTest.framework; path = Library/Frameworks/XCTest.framework; sourceTree = DEVELOPER_DIR; };
		048538A0191157E1000853EB /* UIKit.framework */ = {isa = PBXFileReference; lastKnownFileType = wrapper.framework; name = UIKit.framework; path = Library/Frameworks/UIKit.framework; sourceTree = DEVELOPER_DIR; };
		048538A7191157E2000853EB /* ACCommonTests-Info.plist */ = {isa = PBXFileReference; lastKnownFileType = text.plist.xml; path = "ACCommonTests-Info.plist"; sourceTree = "<group>"; };
		048538A9191157E2000853EB /* en */ = {isa = PBXFileReference; lastKnownFileType = text.plist.strings; name = en; path = en.lproj/InfoPlist.strings; sourceTree = "<group>"; };
		048538AB191157E2000853EB /* ACCommonTests.m */ = {isa = PBXFileReference; lastKnownFileType = sourcecode.c.objc; path = ACCommonTests.m; sourceTree = "<group>"; };
		0485395819115950000853EB /* ACCommon.h */ = {isa = PBXFileReference; lastKnownFileType = sourcecode.c.h; path = ACCommon.h; sourceTree = "<group>"; };
		0485395919115A11000853EB /* ACCommonSF.h */ = {isa = PBXFileReference; lastKnownFileType = sourcecode.c.h; path = ACCommonSF.h; sourceTree = "<group>"; };
		0485395A19115B5E000853EB /* ACMacros.h */ = {isa = PBXFileReference; lastKnownFileType = sourcecode.c.h; path = ACMacros.h; sourceTree = "<group>"; };
		04853A2F191164EC000853EB /* ACPrefixs.h */ = {isa = PBXFileReference; lastKnownFileType = sourcecode.c.h; path = ACPrefixs.h; sourceTree = "<group>"; };
		04853A30191165C6000853EB /* ACUtilitys.h */ = {isa = PBXFileReference; fileEncoding = 4; lastKnownFileType = sourcecode.c.h; path = ACUtilitys.h; sourceTree = "<group>"; };
		04853A31191165C6000853EB /* ACUtilitys.m */ = {isa = PBXFileReference; fileEncoding = 4; lastKnownFileType = sourcecode.c.objc; path = ACUtilitys.m; sourceTree = "<group>"; };
		04853A5619116F7E000853EB /* ACExternals.h */ = {isa = PBXFileReference; fileEncoding = 4; lastKnownFileType = sourcecode.c.h; path = ACExternals.h; sourceTree = "<group>"; };
		04853A5819116F7E000853EB /* AFHTTPRequestOperation.h */ = {isa = PBXFileReference; fileEncoding = 4; lastKnownFileType = sourcecode.c.h; path = AFHTTPRequestOperation.h; sourceTree = "<group>"; };
		04853A5919116F7E000853EB /* AFHTTPRequestOperation.m */ = {isa = PBXFileReference; fileEncoding = 4; lastKnownFileType = sourcecode.c.objc; path = AFHTTPRequestOperation.m; sourceTree = "<group>"; };
		04853A5A19116F7E000853EB /* AFHTTPRequestOperationManager.h */ = {isa = PBXFileReference; fileEncoding = 4; lastKnownFileType = sourcecode.c.h; path = AFHTTPRequestOperationManager.h; sourceTree = "<group>"; };
		04853A5B19116F7E000853EB /* AFHTTPRequestOperationManager.m */ = {isa = PBXFileReference; fileEncoding = 4; lastKnownFileType = sourcecode.c.objc; path = AFHTTPRequestOperationManager.m; sourceTree = "<group>"; };
		04853A5C19116F7E000853EB /* AFHTTPSessionManager.h */ = {isa = PBXFileReference; fileEncoding = 4; lastKnownFileType = sourcecode.c.h; path = AFHTTPSessionManager.h; sourceTree = "<group>"; };
		04853A5D19116F7E000853EB /* AFHTTPSessionManager.m */ = {isa = PBXFileReference; fileEncoding = 4; lastKnownFileType = sourcecode.c.objc; path = AFHTTPSessionManager.m; sourceTree = "<group>"; };
		04853A5E19116F7E000853EB /* AFNetworking.h */ = {isa = PBXFileReference; fileEncoding = 4; lastKnownFileType = sourcecode.c.h; path = AFNetworking.h; sourceTree = "<group>"; };
		04853A5F19116F7E000853EB /* AFNetworkReachabilityManager.h */ = {isa = PBXFileReference; fileEncoding = 4; lastKnownFileType = sourcecode.c.h; path = AFNetworkReachabilityManager.h; sourceTree = "<group>"; };
		04853A6019116F7E000853EB /* AFNetworkReachabilityManager.m */ = {isa = PBXFileReference; fileEncoding = 4; lastKnownFileType = sourcecode.c.objc; path = AFNetworkReachabilityManager.m; sourceTree = "<group>"; };
		04853A6119116F7E000853EB /* AFSecurityPolicy.h */ = {isa = PBXFileReference; fileEncoding = 4; lastKnownFileType = sourcecode.c.h; path = AFSecurityPolicy.h; sourceTree = "<group>"; };
		04853A6219116F7E000853EB /* AFSecurityPolicy.m */ = {isa = PBXFileReference; fileEncoding = 4; lastKnownFileType = sourcecode.c.objc; path = AFSecurityPolicy.m; sourceTree = "<group>"; };
		04853A6319116F7E000853EB /* AFURLConnectionOperation.h */ = {isa = PBXFileReference; fileEncoding = 4; lastKnownFileType = sourcecode.c.h; path = AFURLConnectionOperation.h; sourceTree = "<group>"; };
		04853A6419116F7E000853EB /* AFURLConnectionOperation.m */ = {isa = PBXFileReference; fileEncoding = 4; lastKnownFileType = sourcecode.c.objc; path = AFURLConnectionOperation.m; sourceTree = "<group>"; };
		04853A6519116F7E000853EB /* AFURLRequestSerialization.h */ = {isa = PBXFileReference; fileEncoding = 4; lastKnownFileType = sourcecode.c.h; path = AFURLRequestSerialization.h; sourceTree = "<group>"; };
		04853A6619116F7E000853EB /* AFURLRequestSerialization.m */ = {isa = PBXFileReference; fileEncoding = 4; lastKnownFileType = sourcecode.c.objc; path = AFURLRequestSerialization.m; sourceTree = "<group>"; };
		04853A6719116F7E000853EB /* AFURLResponseSerialization.h */ = {isa = PBXFileReference; fileEncoding = 4; lastKnownFileType = sourcecode.c.h; path = AFURLResponseSerialization.h; sourceTree = "<group>"; };
		04853A6819116F7E000853EB /* AFURLResponseSerialization.m */ = {isa = PBXFileReference; fileEncoding = 4; lastKnownFileType = sourcecode.c.objc; path = AFURLResponseSerialization.m; sourceTree = "<group>"; };
		04853A6919116F7E000853EB /* AFURLSessionManager.h */ = {isa = PBXFileReference; fileEncoding = 4; lastKnownFileType = sourcecode.c.h; path = AFURLSessionManager.h; sourceTree = "<group>"; };
		04853A6A19116F7E000853EB /* AFURLSessionManager.m */ = {isa = PBXFileReference; fileEncoding = 4; lastKnownFileType = sourcecode.c.objc; path = AFURLSessionManager.m; sourceTree = "<group>"; };
		04853A6C19116F7E000853EB /* ChineseToPinyin.h */ = {isa = PBXFileReference; fileEncoding = 4; lastKnownFileType = sourcecode.c.h; path = ChineseToPinyin.h; sourceTree = "<group>"; };
		04853A6D19116F7E000853EB /* ChineseToPinyin.m */ = {isa = PBXFileReference; fileEncoding = 4; lastKnownFileType = sourcecode.c.objc; path = ChineseToPinyin.m; sourceTree = "<group>"; };
		04853A6F19116F7E000853EB /* GTMBase64.h */ = {isa = PBXFileReference; fileEncoding = 4; lastKnownFileType = sourcecode.c.h; path = GTMBase64.h; sourceTree = "<group>"; };
		04853A7019116F7E000853EB /* GTMBase64.m */ = {isa = PBXFileReference; fileEncoding = 4; lastKnownFileType = sourcecode.c.objc; path = GTMBase64.m; sourceTree = "<group>"; };
		04853A7119116F7E000853EB /* GTMDefines.h */ = {isa = PBXFileReference; fileEncoding = 4; lastKnownFileType = sourcecode.c.h; path = GTMDefines.h; sourceTree = "<group>"; };
		04853A7319116F7E000853EB /* PullingRefreshTableView.bundle */ = {isa = PBXFileReference; lastKnownFileType = "wrapper.plug-in"; path = PullingRefreshTableView.bundle; sourceTree = "<group>"; };
		04853A7419116F7E000853EB /* PullingRefreshTableView.h */ = {isa = PBXFileReference; fileEncoding = 4; lastKnownFileType = sourcecode.c.h; path = PullingRefreshTableView.h; sourceTree = "<group>"; };
		04853A7519116F7E000853EB /* PullingRefreshTableView.m */ = {isa = PBXFileReference; fileEncoding = 4; lastKnownFileType = sourcecode.c.objc; path = PullingRefreshTableView.m; sourceTree = "<group>"; };
		04853A7719116F7E000853EB /* Reachability.h */ = {isa = PBXFileReference; fileEncoding = 4; lastKnownFileType = sourcecode.c.h; path = Reachability.h; sourceTree = "<group>"; };
		04853A7819116F7E000853EB /* Reachability.m */ = {isa = PBXFileReference; fileEncoding = 4; lastKnownFileType = sourcecode.c.objc; path = Reachability.m; sourceTree = "<group>"; };
		04853A7B19116F7E000853EB /* SDImageCache.h */ = {isa = PBXFileReference; fileEncoding = 4; lastKnownFileType = sourcecode.c.h; path = SDImageCache.h; sourceTree = "<group>"; };
		04853A7C19116F7E000853EB /* SDImageCache.m */ = {isa = PBXFileReference; fileEncoding = 4; lastKnownFileType = sourcecode.c.objc; path = SDImageCache.m; sourceTree = "<group>"; };
		04853A7E19116F7E000853EB /* MKAnnotationView+WebCache.h */ = {isa = PBXFileReference; fileEncoding = 4; lastKnownFileType = sourcecode.c.h; path = "MKAnnotationView+WebCache.h"; sourceTree = "<group>"; };
		04853A7F19116F7E000853EB /* MKAnnotationView+WebCache.m */ = {isa = PBXFileReference; fileEncoding = 4; lastKnownFileType = sourcecode.c.objc; path = "MKAnnotationView+WebCache.m"; sourceTree = "<group>"; };
		04853A8019116F7E000853EB /* NSData+ImageContentType.h */ = {isa = PBXFileReference; fileEncoding = 4; lastKnownFileType = sourcecode.c.h; path = "NSData+ImageContentType.h"; sourceTree = "<group>"; };
		04853A8119116F7E000853EB /* NSData+ImageContentType.m */ = {isa = PBXFileReference; fileEncoding = 4; lastKnownFileType = sourcecode.c.objc; path = "NSData+ImageContentType.m"; sourceTree = "<group>"; };
		04853A8219116F7E000853EB /* UIButton+WebCache.h */ = {isa = PBXFileReference; fileEncoding = 4; lastKnownFileType = sourcecode.c.h; path = "UIButton+WebCache.h"; sourceTree = "<group>"; };
		04853A8319116F7E000853EB /* UIButton+WebCache.m */ = {isa = PBXFileReference; fileEncoding = 4; lastKnownFileType = sourcecode.c.objc; path = "UIButton+WebCache.m"; sourceTree = "<group>"; };
		04853A8419116F7E000853EB /* UIImage+GIF.h */ = {isa = PBXFileReference; fileEncoding = 4; lastKnownFileType = sourcecode.c.h; path = "UIImage+GIF.h"; sourceTree = "<group>"; };
		04853A8519116F7E000853EB /* UIImage+GIF.m */ = {isa = PBXFileReference; fileEncoding = 4; lastKnownFileType = sourcecode.c.objc; path = "UIImage+GIF.m"; sourceTree = "<group>"; };
		04853A8619116F7E000853EB /* UIImage+MultiFormat.h */ = {isa = PBXFileReference; fileEncoding = 4; lastKnownFileType = sourcecode.c.h; path = "UIImage+MultiFormat.h"; sourceTree = "<group>"; };
		04853A8719116F7E000853EB /* UIImage+MultiFormat.m */ = {isa = PBXFileReference; fileEncoding = 4; lastKnownFileType = sourcecode.c.objc; path = "UIImage+MultiFormat.m"; sourceTree = "<group>"; };
		04853A8819116F7E000853EB /* UIImage+WebP.h */ = {isa = PBXFileReference; fileEncoding = 4; lastKnownFileType = sourcecode.c.h; path = "UIImage+WebP.h"; sourceTree = "<group>"; };
		04853A8919116F7E000853EB /* UIImage+WebP.m */ = {isa = PBXFileReference; fileEncoding = 4; lastKnownFileType = sourcecode.c.objc; path = "UIImage+WebP.m"; sourceTree = "<group>"; };
		04853A8A19116F7E000853EB /* UIImageView+WebCache.h */ = {isa = PBXFileReference; fileEncoding = 4; lastKnownFileType = sourcecode.c.h; path = "UIImageView+WebCache.h"; sourceTree = "<group>"; };
		04853A8B19116F7E000853EB /* UIImageView+WebCache.m */ = {isa = PBXFileReference; fileEncoding = 4; lastKnownFileType = sourcecode.c.objc; path = "UIImageView+WebCache.m"; sourceTree = "<group>"; };
		04853A8D19116F7E000853EB /* SDWebImageDownloader.h */ = {isa = PBXFileReference; fileEncoding = 4; lastKnownFileType = sourcecode.c.h; path = SDWebImageDownloader.h; sourceTree = "<group>"; };
		04853A8E19116F7E000853EB /* SDWebImageDownloader.m */ = {isa = PBXFileReference; fileEncoding = 4; lastKnownFileType = sourcecode.c.objc; path = SDWebImageDownloader.m; sourceTree = "<group>"; };
		04853A8F19116F7E000853EB /* SDWebImageDownloaderOperation.h */ = {isa = PBXFileReference; fileEncoding = 4; lastKnownFileType = sourcecode.c.h; path = SDWebImageDownloaderOperation.h; sourceTree = "<group>"; };
		04853A9019116F7E000853EB /* SDWebImageDownloaderOperation.m */ = {isa = PBXFileReference; fileEncoding = 4; lastKnownFileType = sourcecode.c.objc; path = SDWebImageDownloaderOperation.m; sourceTree = "<group>"; };
		04853A9119116F7E000853EB /* SDWebImageCompat.h */ = {isa = PBXFileReference; fileEncoding = 4; lastKnownFileType = sourcecode.c.h; path = SDWebImageCompat.h; sourceTree = "<group>"; };
		04853A9219116F7E000853EB /* SDWebImageCompat.m */ = {isa = PBXFileReference; fileEncoding = 4; lastKnownFileType = sourcecode.c.objc; path = SDWebImageCompat.m; sourceTree = "<group>"; };
		04853A9319116F7E000853EB /* SDWebImageOperation.h */ = {isa = PBXFileReference; fileEncoding = 4; lastKnownFileType = sourcecode.c.h; path = SDWebImageOperation.h; sourceTree = "<group>"; };
		04853A9519116F7E000853EB /* SDWebImageDecoder.h */ = {isa = PBXFileReference; fileEncoding = 4; lastKnownFileType = sourcecode.c.h; path = SDWebImageDecoder.h; sourceTree = "<group>"; };
		04853A9619116F7E000853EB /* SDWebImageDecoder.m */ = {isa = PBXFileReference; fileEncoding = 4; lastKnownFileType = sourcecode.c.objc; path = SDWebImageDecoder.m; sourceTree = "<group>"; };
		04853A9719116F7E000853EB /* SDWebImageManager.h */ = {isa = PBXFileReference; fileEncoding = 4; lastKnownFileType = sourcecode.c.h; path = SDWebImageManager.h; sourceTree = "<group>"; };
		04853A9819116F7E000853EB /* SDWebImageManager.m */ = {isa = PBXFileReference; fileEncoding = 4; lastKnownFileType = sourcecode.c.objc; path = SDWebImageManager.m; sourceTree = "<group>"; };
		04853A9919116F7E000853EB /* SDWebImagePrefetcher.h */ = {isa = PBXFileReference; fileEncoding = 4; lastKnownFileType = sourcecode.c.h; path = SDWebImagePrefetcher.h; sourceTree = "<group>"; };
		04853A9A19116F7E000853EB /* SDWebImagePrefetcher.m */ = {isa = PBXFileReference; fileEncoding = 4; lastKnownFileType = sourcecode.c.objc; path = SDWebImagePrefetcher.m; sourceTree = "<group>"; };
		04853A9C19116F7E000853EB /* SoundManager.bundle */ = {isa = PBXFileReference; lastKnownFileType = "wrapper.plug-in"; path = SoundManager.bundle; sourceTree = "<group>"; };
		04853A9D19116F7E000853EB /* SoundManager.h */ = {isa = PBXFileReference; fileEncoding = 4; lastKnownFileType = sourcecode.c.h; path = SoundManager.h; sourceTree = "<group>"; };
		04853A9E19116F7E000853EB /* SoundManager.m */ = {isa = PBXFileReference; fileEncoding = 4; lastKnownFileType = sourcecode.c.objc; path = SoundManager.m; sourceTree = "<group>"; };
		04853AA019116F7E000853EB /* SVProgressHUD-Prefix.pch */ = {isa = PBXFileReference; fileEncoding = 4; lastKnownFileType = sourcecode.c.h; path = "SVProgressHUD-Prefix.pch"; sourceTree = "<group>"; };
		04853AA119116F7E000853EB /* SVProgressHUD.bundle */ = {isa = PBXFileReference; lastKnownFileType = "wrapper.plug-in"; path = SVProgressHUD.bundle; sourceTree = "<group>"; };
		04853AA219116F7E000853EB /* SVProgressHUD.h */ = {isa = PBXFileReference; fileEncoding = 4; lastKnownFileType = sourcecode.c.h; path = SVProgressHUD.h; sourceTree = "<group>"; };
		04853AA319116F7E000853EB /* SVProgressHUD.m */ = {isa = PBXFileReference; fileEncoding = 4; lastKnownFileType = sourcecode.c.objc; path = SVProgressHUD.m; sourceTree = "<group>"; };
		04853AAB19116F7E000853EB /* TTTAttributedLabel.h */ = {isa = PBXFileReference; fileEncoding = 4; lastKnownFileType = sourcecode.c.h; path = TTTAttributedLabel.h; sourceTree = "<group>"; };
		04853AAC19116F7E000853EB /* TTTAttributedLabel.m */ = {isa = PBXFileReference; fileEncoding = 4; lastKnownFileType = sourcecode.c.objc; path = TTTAttributedLabel.m; sourceTree = "<group>"; };
		04853AEE1912AF7E000853EB /* ACTextField.h */ = {isa = PBXFileReference; fileEncoding = 4; lastKnownFileType = sourcecode.c.h; path = ACTextField.h; sourceTree = "<group>"; };
		04853AEF1912AF7E000853EB /* ACTextField.m */ = {isa = PBXFileReference; fileEncoding = 4; lastKnownFileType = sourcecode.c.objc; path = ACTextField.m; sourceTree = "<group>"; };
		04853AF11912B22B000853EB /* ACControls.h */ = {isa = PBXFileReference; lastKnownFileType = sourcecode.c.h; path = ACControls.h; sourceTree = "<group>"; };
		048EAAA1192671BF0030B406 /* ACNetworking.h */ = {isa = PBXFileReference; fileEncoding = 4; lastKnownFileType = sourcecode.c.h; path = ACNetworking.h; sourceTree = "<group>"; };
		048EAAA2192671C00030B406 /* ACNetworking.m */ = {isa = PBXFileReference; fileEncoding = 4; lastKnownFileType = sourcecode.c.objc; path = ACNetworking.m; sourceTree = "<group>"; };
		048EAAA5192676DD0030B406 /* ACAnimation.h */ = {isa = PBXFileReference; fileEncoding = 4; lastKnownFileType = sourcecode.c.h; path = ACAnimation.h; sourceTree = "<group>"; };
		048EAAA6192676DD0030B406 /* ACAnimation.m */ = {isa = PBXFileReference; fileEncoding = 4; lastKnownFileType = sourcecode.c.objc; path = ACAnimation.m; sourceTree = "<group>"; };
		048EAAA919268A040030B406 /* ASIAuthenticationDialog.h */ = {isa = PBXFileReference; fileEncoding = 4; lastKnownFileType = sourcecode.c.h; path = ASIAuthenticationDialog.h; sourceTree = "<group>"; };
		048EAAAA19268A040030B406 /* ASIAuthenticationDialog.m */ = {isa = PBXFileReference; fileEncoding = 4; lastKnownFileType = sourcecode.c.objc; path = ASIAuthenticationDialog.m; sourceTree = "<group>"; };
		048EAAAB19268A040030B406 /* ASICacheDelegate.h */ = {isa = PBXFileReference; fileEncoding = 4; lastKnownFileType = sourcecode.c.h; path = ASICacheDelegate.h; sourceTree = "<group>"; };
		048EAAAC19268A040030B406 /* ASIDataCompressor.h */ = {isa = PBXFileReference; fileEncoding = 4; lastKnownFileType = sourcecode.c.h; path = ASIDataCompressor.h; sourceTree = "<group>"; };
		048EAAAD19268A040030B406 /* ASIDataCompressor.m */ = {isa = PBXFileReference; fileEncoding = 4; lastKnownFileType = sourcecode.c.objc; path = ASIDataCompressor.m; sourceTree = "<group>"; };
		048EAAAE19268A040030B406 /* ASIDataDecompressor.h */ = {isa = PBXFileReference; fileEncoding = 4; lastKnownFileType = sourcecode.c.h; path = ASIDataDecompressor.h; sourceTree = "<group>"; };
		048EAAAF19268A040030B406 /* ASIDataDecompressor.m */ = {isa = PBXFileReference; fileEncoding = 4; lastKnownFileType = sourcecode.c.objc; path = ASIDataDecompressor.m; sourceTree = "<group>"; };
		048EAAB019268A040030B406 /* ASIDownloadCache.h */ = {isa = PBXFileReference; fileEncoding = 4; lastKnownFileType = sourcecode.c.h; path = ASIDownloadCache.h; sourceTree = "<group>"; };
		048EAAB119268A040030B406 /* ASIDownloadCache.m */ = {isa = PBXFileReference; fileEncoding = 4; lastKnownFileType = sourcecode.c.objc; path = ASIDownloadCache.m; sourceTree = "<group>"; };
		048EAAB219268A040030B406 /* ASIFormDataRequest.h */ = {isa = PBXFileReference; fileEncoding = 4; lastKnownFileType = sourcecode.c.h; path = ASIFormDataRequest.h; sourceTree = "<group>"; };
		048EAAB319268A040030B406 /* ASIFormDataRequest.m */ = {isa = PBXFileReference; fileEncoding = 4; lastKnownFileType = sourcecode.c.objc; path = ASIFormDataRequest.m; sourceTree = "<group>"; };
		048EAAB419268A040030B406 /* ASIHTTPRequest.h */ = {isa = PBXFileReference; fileEncoding = 4; lastKnownFileType = sourcecode.c.h; path = ASIHTTPRequest.h; sourceTree = "<group>"; };
		048EAAB519268A040030B406 /* ASIHTTPRequest.m */ = {isa = PBXFileReference; fileEncoding = 4; lastKnownFileType = sourcecode.c.objc; path = ASIHTTPRequest.m; sourceTree = "<group>"; };
		048EAAB619268A040030B406 /* ASIHTTPRequestConfig.h */ = {isa = PBXFileReference; fileEncoding = 4; lastKnownFileType = sourcecode.c.h; path = ASIHTTPRequestConfig.h; sourceTree = "<group>"; };
		048EAAB719268A040030B406 /* ASIHTTPRequestDelegate.h */ = {isa = PBXFileReference; fileEncoding = 4; lastKnownFileType = sourcecode.c.h; path = ASIHTTPRequestDelegate.h; sourceTree = "<group>"; };
		048EAAB819268A040030B406 /* ASIInputStream.h */ = {isa = PBXFileReference; fileEncoding = 4; lastKnownFileType = sourcecode.c.h; path = ASIInputStream.h; sourceTree = "<group>"; };
		048EAAB919268A040030B406 /* ASIInputStream.m */ = {isa = PBXFileReference; fileEncoding = 4; lastKnownFileType = sourcecode.c.objc; path = ASIInputStream.m; sourceTree = "<group>"; };
		048EAABA19268A040030B406 /* ASINetworkQueue.h */ = {isa = PBXFileReference; fileEncoding = 4; lastKnownFileType = sourcecode.c.h; path = ASINetworkQueue.h; sourceTree = "<group>"; };
		048EAABB19268A040030B406 /* ASINetworkQueue.m */ = {isa = PBXFileReference; fileEncoding = 4; lastKnownFileType = sourcecode.c.objc; path = ASINetworkQueue.m; sourceTree = "<group>"; };
		048EAABC19268A040030B406 /* ASIProgressDelegate.h */ = {isa = PBXFileReference; fileEncoding = 4; lastKnownFileType = sourcecode.c.h; path = ASIProgressDelegate.h; sourceTree = "<group>"; };
		DD705BF81957CEE6007DAE8C /* ACAdditions.h */ = {isa = PBXFileReference; fileEncoding = 4; lastKnownFileType = sourcecode.c.h; path = ACAdditions.h; sourceTree = "<group>"; };
		DD705BF91957CEE6007DAE8C /* NSData+ACAdditions.h */ = {isa = PBXFileReference; fileEncoding = 4; lastKnownFileType = sourcecode.c.h; path = "NSData+ACAdditions.h"; sourceTree = "<group>"; };
		DD705BFA1957CEE6007DAE8C /* NSData+ACAdditions.m */ = {isa = PBXFileReference; fileEncoding = 4; lastKnownFileType = sourcecode.c.objc; path = "NSData+ACAdditions.m"; sourceTree = "<group>"; };
		DD705BFB1957CEE6007DAE8C /* NSDate+ACAdditions.h */ = {isa = PBXFileReference; fileEncoding = 4; lastKnownFileType = sourcecode.c.h; path = "NSDate+ACAdditions.h"; sourceTree = "<group>"; };
		DD705BFC1957CEE6007DAE8C /* NSDate+ACAdditions.m */ = {isa = PBXFileReference; fileEncoding = 4; lastKnownFileType = sourcecode.c.objc; path = "NSDate+ACAdditions.m"; sourceTree = "<group>"; };
		DD705BFD1957CEE6007DAE8C /* NSDictionary+ACAdditions.h */ = {isa = PBXFileReference; fileEncoding = 4; lastKnownFileType = sourcecode.c.h; path = "NSDictionary+ACAdditions.h"; sourceTree = "<group>"; };
		DD705BFE1957CEE6007DAE8C /* NSDictionary+ACAdditions.m */ = {isa = PBXFileReference; fileEncoding = 4; lastKnownFileType = sourcecode.c.objc; path = "NSDictionary+ACAdditions.m"; sourceTree = "<group>"; };
		DD705BFF1957CEE6007DAE8C /* NSObject+ACAdditions.h */ = {isa = PBXFileReference; fileEncoding = 4; lastKnownFileType = sourcecode.c.h; path = "NSObject+ACAdditions.h"; sourceTree = "<group>"; };
		DD705C001957CEE6007DAE8C /* NSObject+ACAdditions.m */ = {isa = PBXFileReference; fileEncoding = 4; lastKnownFileType = sourcecode.c.objc; path = "NSObject+ACAdditions.m"; sourceTree = "<group>"; };
		DD705C011957CEE6007DAE8C /* NSString+ACAdditions.h */ = {isa = PBXFileReference; fileEncoding = 4; lastKnownFileType = sourcecode.c.h; path = "NSString+ACAdditions.h"; sourceTree = "<group>"; };
		DD705C021957CEE6007DAE8C /* NSString+ACAdditions.m */ = {isa = PBXFileReference; fileEncoding = 4; lastKnownFileType = sourcecode.c.objc; path = "NSString+ACAdditions.m"; sourceTree = "<group>"; };
		DD705C031957CEE6007DAE8C /* UIAlertView+ACAdditions.h */ = {isa = PBXFileReference; fileEncoding = 4; lastKnownFileType = sourcecode.c.h; path = "UIAlertView+ACAdditions.h"; sourceTree = "<group>"; };
		DD705C041957CEE6007DAE8C /* UIAlertView+ACAdditions.m */ = {isa = PBXFileReference; fileEncoding = 4; lastKnownFileType = sourcecode.c.objc; path = "UIAlertView+ACAdditions.m"; sourceTree = "<group>"; };
		DD705C051957CEE6007DAE8C /* UIButton+ACAdditions.h */ = {isa = PBXFileReference; fileEncoding = 4; lastKnownFileType = sourcecode.c.h; path = "UIButton+ACAdditions.h"; sourceTree = "<group>"; };
		DD705C061957CEE6007DAE8C /* UIButton+ACAdditions.m */ = {isa = PBXFileReference; fileEncoding = 4; lastKnownFileType = sourcecode.c.objc; path = "UIButton+ACAdditions.m"; sourceTree = "<group>"; };
		DD705C071957CEE6007DAE8C /* UIImage+ACAdditions.h */ = {isa = PBXFileReference; fileEncoding = 4; lastKnownFileType = sourcecode.c.h; path = "UIImage+ACAdditions.h"; sourceTree = "<group>"; };
		DD705C081957CEE6007DAE8C /* UIImage+ACAdditions.m */ = {isa = PBXFileReference; fileEncoding = 4; lastKnownFileType = sourcecode.c.objc; path = "UIImage+ACAdditions.m"; sourceTree = "<group>"; };
		DD705C091957CEE6007DAE8C /* UIImageView+ACAdditions.h */ = {isa = PBXFileReference; fileEncoding = 4; lastKnownFileType = sourcecode.c.h; path = "UIImageView+ACAdditions.h"; sourceTree = "<group>"; };
		DD705C0A1957CEE6007DAE8C /* UIImageView+ACAdditions.m */ = {isa = PBXFileReference; fileEncoding = 4; lastKnownFileType = sourcecode.c.objc; path = "UIImageView+ACAdditions.m"; sourceTree = "<group>"; };
		DD705C0B1957CEE6007DAE8C /* UIView+ACAdditions.h */ = {isa = PBXFileReference; fileEncoding = 4; lastKnownFileType = sourcecode.c.h; path = "UIView+ACAdditions.h"; sourceTree = "<group>"; };
		DD705C0C1957CEE6007DAE8C /* UIView+ACAdditions.m */ = {isa = PBXFileReference; fileEncoding = 4; lastKnownFileType = sourcecode.c.objc; path = "UIView+ACAdditions.m"; sourceTree = "<group>"; };
		DD705C241957F076007DAE8C /* UIColor+ACAdditions.h */ = {isa = PBXFileReference; fileEncoding = 4; lastKnownFileType = sourcecode.c.h; path = "UIColor+ACAdditions.h"; sourceTree = "<group>"; };
		DD705C251957F076007DAE8C /* UIColor+ACAdditions.m */ = {isa = PBXFileReference; fileEncoding = 4; lastKnownFileType = sourcecode.c.objc; path = "UIColor+ACAdditions.m"; sourceTree = "<group>"; };
		DD705C291957F85F007DAE8C /* da */ = {isa = PBXFileReference; lastKnownFileType = text.plist.strings; name = da; path = da.lproj/SVWebViewController.strings; sourceTree = "<group>"; };
		DD705C2A1957F85F007DAE8C /* de */ = {isa = PBXFileReference; lastKnownFileType = text.plist.strings; name = de; path = de.lproj/SVWebViewController.strings; sourceTree = "<group>"; };
		DD705C2B1957F85F007DAE8C /* en */ = {isa = PBXFileReference; lastKnownFileType = text.plist.strings; name = en; path = en.lproj/SVWebViewController.strings; sourceTree = "<group>"; };
		DD705C2C1957F85F007DAE8C /* es-ES */ = {isa = PBXFileReference; lastKnownFileType = text.plist.strings; name = "es-ES"; path = "es-ES.lproj/SVWebViewController.strings"; sourceTree = "<group>"; };
		DD705C2D1957F85F007DAE8C /* es */ = {isa = PBXFileReference; lastKnownFileType = text.plist.strings; name = es; path = es.lproj/SVWebViewController.strings; sourceTree = "<group>"; };
		DD705C2E1957F85F007DAE8C /* fr */ = {isa = PBXFileReference; lastKnownFileType = text.plist.strings; name = fr; path = fr.lproj/SVWebViewController.strings; sourceTree = "<group>"; };
		DD705C2F1957F85F007DAE8C /* ja */ = {isa = PBXFileReference; lastKnownFileType = text.plist.strings; name = ja; path = ja.lproj/SVWebViewController.strings; sourceTree = "<group>"; };
		DD705C301957F85F007DAE8C /* SVModalWebViewController.h */ = {isa = PBXFileReference; fileEncoding = 4; lastKnownFileType = sourcecode.c.h; path = SVModalWebViewController.h; sourceTree = "<group>"; };
		DD705C311957F85F007DAE8C /* SVModalWebViewController.m */ = {isa = PBXFileReference; fileEncoding = 4; lastKnownFileType = sourcecode.c.objc; path = SVModalWebViewController.m; sourceTree = "<group>"; };
		DD705C321957F85F007DAE8C /* SVWebViewController.bundle */ = {isa = PBXFileReference; lastKnownFileType = "wrapper.plug-in"; path = SVWebViewController.bundle; sourceTree = "<group>"; };
		DD705C331957F85F007DAE8C /* SVWebViewController.h */ = {isa = PBXFileReference; fileEncoding = 4; lastKnownFileType = sourcecode.c.h; path = SVWebViewController.h; sourceTree = "<group>"; };
		DD705C341957F85F007DAE8C /* SVWebViewController.m */ = {isa = PBXFileReference; fileEncoding = 4; lastKnownFileType = sourcecode.c.objc; path = SVWebViewController.m; sourceTree = "<group>"; };
		DD705C371957F85F007DAE8C /* SVWebViewControllerActivityChrome-iPad.png */ = {isa = PBXFileReference; lastKnownFileType = image.png; path = "SVWebViewControllerActivityChrome-iPad.png"; sourceTree = "<group>"; };
		DD705C381957F85F007DAE8C /* SVWebViewControllerActivityChrome-iPad@2x.png */ = {isa = PBXFileReference; lastKnownFileType = image.png; path = "SVWebViewControllerActivityChrome-iPad@2x.png"; sourceTree = "<group>"; };
		DD705C391957F85F007DAE8C /* SVWebViewControllerActivityChrome.h */ = {isa = PBXFileReference; fileEncoding = 4; lastKnownFileType = sourcecode.c.h; path = SVWebViewControllerActivityChrome.h; sourceTree = "<group>"; };
		DD705C3A1957F85F007DAE8C /* SVWebViewControllerActivityChrome.m */ = {isa = PBXFileReference; fileEncoding = 4; lastKnownFileType = sourcecode.c.objc; path = SVWebViewControllerActivityChrome.m; sourceTree = "<group>"; };
		DD705C3B1957F85F007DAE8C /* SVWebViewControllerActivityChrome@2x.png */ = {isa = PBXFileReference; lastKnownFileType = image.png; path = "SVWebViewControllerActivityChrome@2x.png"; sourceTree = "<group>"; };
		DD705C3D1957F85F007DAE8C /* SVWebViewControllerActivitySafari-iPad.png */ = {isa = PBXFileReference; lastKnownFileType = image.png; path = "SVWebViewControllerActivitySafari-iPad.png"; sourceTree = "<group>"; };
		DD705C3E1957F85F007DAE8C /* SVWebViewControllerActivitySafari-iPad@2x.png */ = {isa = PBXFileReference; lastKnownFileType = image.png; path = "SVWebViewControllerActivitySafari-iPad@2x.png"; sourceTree = "<group>"; };
		DD705C3F1957F85F007DAE8C /* SVWebViewControllerActivitySafari.h */ = {isa = PBXFileReference; fileEncoding = 4; lastKnownFileType = sourcecode.c.h; path = SVWebViewControllerActivitySafari.h; sourceTree = "<group>"; };
		DD705C401957F85F007DAE8C /* SVWebViewControllerActivitySafari.m */ = {isa = PBXFileReference; fileEncoding = 4; lastKnownFileType = sourcecode.c.objc; path = SVWebViewControllerActivitySafari.m; sourceTree = "<group>"; };
		DD705C411957F85F007DAE8C /* SVWebViewControllerActivitySafari@2x.png */ = {isa = PBXFileReference; lastKnownFileType = image.png; path = "SVWebViewControllerActivitySafari@2x.png"; sourceTree = "<group>"; };
		DD705C421957F85F007DAE8C /* SVWebViewControllerActivity.h */ = {isa = PBXFileReference; fileEncoding = 4; lastKnownFileType = sourcecode.c.h; path = SVWebViewControllerActivity.h; sourceTree = "<group>"; };
		DD705C431957F85F007DAE8C /* SVWebViewControllerActivity.m */ = {isa = PBXFileReference; fileEncoding = 4; lastKnownFileType = sourcecode.c.objc; path = SVWebViewControllerActivity.m; sourceTree = "<group>"; };
		DD705C441957F85F007DAE8C /* zh-Hans */ = {isa = PBXFileReference; lastKnownFileType = text.plist.strings; name = "zh-Hans"; path = "zh-Hans.lproj/SVWebViewController.strings"; sourceTree = "<group>"; };
		DD705C451957F85F007DAE8C /* zh-Hant */ = {isa = PBXFileReference; lastKnownFileType = text.plist.strings; name = "zh-Hant"; path = "zh-Hant.lproj/SVWebViewController.strings"; sourceTree = "<group>"; };
/* End PBXFileReference section */

/* Begin PBXFrameworksBuildPhase section */
		04853889191157E0000853EB /* Frameworks */ = {
			isa = PBXFrameworksBuildPhase;
			buildActionMask = 2147483647;
			files = (
				04853890191157E0000853EB /* Foundation.framework in Frameworks */,
			);
			runOnlyForDeploymentPostprocessing = 0;
		};
		04853899191157E1000853EB /* Frameworks */ = {
			isa = PBXFrameworksBuildPhase;
			buildActionMask = 2147483647;
			files = (
				048538A4191157E1000853EB /* libACCommon.a in Frameworks */,
				0485389E191157E1000853EB /* XCTest.framework in Frameworks */,
				048538A1191157E1000853EB /* UIKit.framework in Frameworks */,
				0485389F191157E1000853EB /* Foundation.framework in Frameworks */,
			);
			runOnlyForDeploymentPostprocessing = 0;
		};
/* End PBXFrameworksBuildPhase section */

/* Begin PBXGroup section */
		0480A7ED1912D8BE0048880A /* ACViews */ = {
			isa = PBXGroup;
			children = (
				045B2301191556C000C8781D /* ACTextView.h */,
				045B2302191556C000C8781D /* ACTextView.m */,
				0480A7EE1912D8D40048880A /* ACTableViewCell.h */,
				0480A7EF1912D8D40048880A /* ACTableViewCell.m */,
				045B230019154DDD00C8781D /* ACViews.h */,
			);
			path = ACViews;
			sourceTree = "<group>";
		};
		04853883191157DF000853EB = {
			isa = PBXGroup;
			children = (
				04853891191157E0000853EB /* ACCommon */,
				048538A5191157E1000853EB /* ACCommonTests */,
				0485388E191157E0000853EB /* Frameworks */,
				0485388D191157E0000853EB /* Products */,
			);
			sourceTree = "<group>";
		};
		0485388D191157E0000853EB /* Products */ = {
			isa = PBXGroup;
			children = (
				0485388C191157E0000853EB /* libACCommon.a */,
				0485389C191157E1000853EB /* ACCommonTests.xctest */,
			);
			name = Products;
			sourceTree = "<group>";
		};
		0485388E191157E0000853EB /* Frameworks */ = {
			isa = PBXGroup;
			children = (
				0485388F191157E0000853EB /* Foundation.framework */,
				0485389D191157E1000853EB /* XCTest.framework */,
				048538A0191157E1000853EB /* UIKit.framework */,
			);
			name = Frameworks;
			sourceTree = "<group>";
		};
		04853891191157E0000853EB /* ACCommon */ = {
			isa = PBXGroup;
			children = (
				DD705BF71957CEE6007DAE8C /* ACAdditions */,
				048EAAA4192676AD0030B406 /* ACAnimation */,
				048EAAA0192671040030B406 /* ACNetworking */,
				0480A7ED1912D8BE0048880A /* ACViews */,
				04853AEA1912ADD0000853EB /* ACControls */,
				04853A5519116F7E000853EB /* ACExternals */,
				0485395819115950000853EB /* ACCommon.h */,
				0485395919115A11000853EB /* ACCommonSF.h */,
				04853A2F191164EC000853EB /* ACPrefixs.h */,
				0485395A19115B5E000853EB /* ACMacros.h */,
				04853A30191165C6000853EB /* ACUtilitys.h */,
				04853A31191165C6000853EB /* ACUtilitys.m */,
				04853892191157E0000853EB /* Supporting Files */,
			);
			path = ACCommon;
			sourceTree = "<group>";
		};
		04853892191157E0000853EB /* Supporting Files */ = {
			isa = PBXGroup;
			children = (
				04853893191157E0000853EB /* ACCommon-Prefix.pch */,
			);
			name = "Supporting Files";
			sourceTree = "<group>";
		};
		048538A5191157E1000853EB /* ACCommonTests */ = {
			isa = PBXGroup;
			children = (
				048538AB191157E2000853EB /* ACCommonTests.m */,
				048538A6191157E2000853EB /* Supporting Files */,
			);
			path = ACCommonTests;
			sourceTree = "<group>";
		};
		048538A6191157E2000853EB /* Supporting Files */ = {
			isa = PBXGroup;
			children = (
				048538A7191157E2000853EB /* ACCommonTests-Info.plist */,
				048538A8191157E2000853EB /* InfoPlist.strings */,
			);
			name = "Supporting Files";
			sourceTree = "<group>";
		};
		04853A5519116F7E000853EB /* ACExternals */ = {
			isa = PBXGroup;
			children = (
				DD705C271957F85F007DAE8C /* SVWebViewController */,
				04853A5619116F7E000853EB /* ACExternals.h */,
				048EAAA819268A040030B406 /* ASIHTTPRequest */,
				04853A5719116F7E000853EB /* AFNetworking */,
				04853A6B19116F7E000853EB /* ChineseToPinyin */,
				04853A6E19116F7E000853EB /* GTMBase64 */,
				04853A7219116F7E000853EB /* PullingRefreshTableView */,
				04853A7619116F7E000853EB /* Reachability */,
				04853A7919116F7E000853EB /* SDWebImage */,
				04853A9B19116F7E000853EB /* SoundManager */,
				04853A9F19116F7E000853EB /* SVProgressHUD */,
				04853AAA19116F7E000853EB /* TTTAttributedLabel */,
			);
			path = ACExternals;
			sourceTree = "<group>";
		};
		04853A5719116F7E000853EB /* AFNetworking */ = {
			isa = PBXGroup;
			children = (
				04853A5819116F7E000853EB /* AFHTTPRequestOperation.h */,
				04853A5919116F7E000853EB /* AFHTTPRequestOperation.m */,
				04853A5A19116F7E000853EB /* AFHTTPRequestOperationManager.h */,
				04853A5B19116F7E000853EB /* AFHTTPRequestOperationManager.m */,
				04853A5C19116F7E000853EB /* AFHTTPSessionManager.h */,
				04853A5D19116F7E000853EB /* AFHTTPSessionManager.m */,
				04853A5E19116F7E000853EB /* AFNetworking.h */,
				04853A5F19116F7E000853EB /* AFNetworkReachabilityManager.h */,
				04853A6019116F7E000853EB /* AFNetworkReachabilityManager.m */,
				04853A6119116F7E000853EB /* AFSecurityPolicy.h */,
				04853A6219116F7E000853EB /* AFSecurityPolicy.m */,
				04853A6319116F7E000853EB /* AFURLConnectionOperation.h */,
				04853A6419116F7E000853EB /* AFURLConnectionOperation.m */,
				04853A6519116F7E000853EB /* AFURLRequestSerialization.h */,
				04853A6619116F7E000853EB /* AFURLRequestSerialization.m */,
				04853A6719116F7E000853EB /* AFURLResponseSerialization.h */,
				04853A6819116F7E000853EB /* AFURLResponseSerialization.m */,
				04853A6919116F7E000853EB /* AFURLSessionManager.h */,
				04853A6A19116F7E000853EB /* AFURLSessionManager.m */,
			);
			path = AFNetworking;
			sourceTree = "<group>";
		};
		04853A6B19116F7E000853EB /* ChineseToPinyin */ = {
			isa = PBXGroup;
			children = (
				04853A6C19116F7E000853EB /* ChineseToPinyin.h */,
				04853A6D19116F7E000853EB /* ChineseToPinyin.m */,
			);
			path = ChineseToPinyin;
			sourceTree = "<group>";
		};
		04853A6E19116F7E000853EB /* GTMBase64 */ = {
			isa = PBXGroup;
			children = (
				04853A6F19116F7E000853EB /* GTMBase64.h */,
				04853A7019116F7E000853EB /* GTMBase64.m */,
				04853A7119116F7E000853EB /* GTMDefines.h */,
			);
			path = GTMBase64;
			sourceTree = "<group>";
		};
		04853A7219116F7E000853EB /* PullingRefreshTableView */ = {
			isa = PBXGroup;
			children = (
				04853A7319116F7E000853EB /* PullingRefreshTableView.bundle */,
				04853A7419116F7E000853EB /* PullingRefreshTableView.h */,
				04853A7519116F7E000853EB /* PullingRefreshTableView.m */,
			);
			path = PullingRefreshTableView;
			sourceTree = "<group>";
		};
		04853A7619116F7E000853EB /* Reachability */ = {
			isa = PBXGroup;
			children = (
				04853A7719116F7E000853EB /* Reachability.h */,
				04853A7819116F7E000853EB /* Reachability.m */,
			);
			path = Reachability;
			sourceTree = "<group>";
		};
		04853A7919116F7E000853EB /* SDWebImage */ = {
			isa = PBXGroup;
			children = (
				04853A7A19116F7E000853EB /* Cache */,
				04853A7D19116F7E000853EB /* Categories */,
				04853A8C19116F7E000853EB /* Downloader */,
				04853A9119116F7E000853EB /* SDWebImageCompat.h */,
				04853A9219116F7E000853EB /* SDWebImageCompat.m */,
				04853A9319116F7E000853EB /* SDWebImageOperation.h */,
				04853A9419116F7E000853EB /* Utils */,
			);
			path = SDWebImage;
			sourceTree = "<group>";
		};
		04853A7A19116F7E000853EB /* Cache */ = {
			isa = PBXGroup;
			children = (
				04853A7B19116F7E000853EB /* SDImageCache.h */,
				04853A7C19116F7E000853EB /* SDImageCache.m */,
			);
			path = Cache;
			sourceTree = "<group>";
		};
		04853A7D19116F7E000853EB /* Categories */ = {
			isa = PBXGroup;
			children = (
				04853A7E19116F7E000853EB /* MKAnnotationView+WebCache.h */,
				04853A7F19116F7E000853EB /* MKAnnotationView+WebCache.m */,
				04853A8019116F7E000853EB /* NSData+ImageContentType.h */,
				04853A8119116F7E000853EB /* NSData+ImageContentType.m */,
				04853A8219116F7E000853EB /* UIButton+WebCache.h */,
				04853A8319116F7E000853EB /* UIButton+WebCache.m */,
				04853A8419116F7E000853EB /* UIImage+GIF.h */,
				04853A8519116F7E000853EB /* UIImage+GIF.m */,
				04853A8619116F7E000853EB /* UIImage+MultiFormat.h */,
				04853A8719116F7E000853EB /* UIImage+MultiFormat.m */,
				04853A8819116F7E000853EB /* UIImage+WebP.h */,
				04853A8919116F7E000853EB /* UIImage+WebP.m */,
				04853A8A19116F7E000853EB /* UIImageView+WebCache.h */,
				04853A8B19116F7E000853EB /* UIImageView+WebCache.m */,
			);
			path = Categories;
			sourceTree = "<group>";
		};
		04853A8C19116F7E000853EB /* Downloader */ = {
			isa = PBXGroup;
			children = (
				04853A8D19116F7E000853EB /* SDWebImageDownloader.h */,
				04853A8E19116F7E000853EB /* SDWebImageDownloader.m */,
				04853A8F19116F7E000853EB /* SDWebImageDownloaderOperation.h */,
				04853A9019116F7E000853EB /* SDWebImageDownloaderOperation.m */,
			);
			path = Downloader;
			sourceTree = "<group>";
		};
		04853A9419116F7E000853EB /* Utils */ = {
			isa = PBXGroup;
			children = (
				04853A9519116F7E000853EB /* SDWebImageDecoder.h */,
				04853A9619116F7E000853EB /* SDWebImageDecoder.m */,
				04853A9719116F7E000853EB /* SDWebImageManager.h */,
				04853A9819116F7E000853EB /* SDWebImageManager.m */,
				04853A9919116F7E000853EB /* SDWebImagePrefetcher.h */,
				04853A9A19116F7E000853EB /* SDWebImagePrefetcher.m */,
			);
			path = Utils;
			sourceTree = "<group>";
		};
		04853A9B19116F7E000853EB /* SoundManager */ = {
			isa = PBXGroup;
			children = (
				04853A9C19116F7E000853EB /* SoundManager.bundle */,
				04853A9D19116F7E000853EB /* SoundManager.h */,
				04853A9E19116F7E000853EB /* SoundManager.m */,
			);
			path = SoundManager;
			sourceTree = "<group>";
		};
		04853A9F19116F7E000853EB /* SVProgressHUD */ = {
			isa = PBXGroup;
			children = (
				04853AA019116F7E000853EB /* SVProgressHUD-Prefix.pch */,
				04853AA119116F7E000853EB /* SVProgressHUD.bundle */,
				04853AA219116F7E000853EB /* SVProgressHUD.h */,
				04853AA319116F7E000853EB /* SVProgressHUD.m */,
			);
			path = SVProgressHUD;
			sourceTree = "<group>";
		};
		04853AAA19116F7E000853EB /* TTTAttributedLabel */ = {
			isa = PBXGroup;
			children = (
				04853AAB19116F7E000853EB /* TTTAttributedLabel.h */,
				04853AAC19116F7E000853EB /* TTTAttributedLabel.m */,
			);
			path = TTTAttributedLabel;
			sourceTree = "<group>";
		};
		04853AEA1912ADD0000853EB /* ACControls */ = {
			isa = PBXGroup;
			children = (
				04853AF11912B22B000853EB /* ACControls.h */,
				04853AEE1912AF7E000853EB /* ACTextField.h */,
				04853AEF1912AF7E000853EB /* ACTextField.m */,
			);
			path = ACControls;
			sourceTree = "<group>";
		};
		048EAAA0192671040030B406 /* ACNetworking */ = {
			isa = PBXGroup;
			children = (
				048EAAA1192671BF0030B406 /* ACNetworking.h */,
				048EAAA2192671C00030B406 /* ACNetworking.m */,
			);
			path = ACNetworking;
			sourceTree = "<group>";
		};
		048EAAA4192676AD0030B406 /* ACAnimation */ = {
			isa = PBXGroup;
			children = (
				048EAAA5192676DD0030B406 /* ACAnimation.h */,
				048EAAA6192676DD0030B406 /* ACAnimation.m */,
			);
			name = ACAnimation;
			path = ACAmation;
			sourceTree = "<group>";
		};
		048EAAA819268A040030B406 /* ASIHTTPRequest */ = {
			isa = PBXGroup;
			children = (
				048EAAA919268A040030B406 /* ASIAuthenticationDialog.h */,
				048EAAAA19268A040030B406 /* ASIAuthenticationDialog.m */,
				048EAAAB19268A040030B406 /* ASICacheDelegate.h */,
				048EAAAC19268A040030B406 /* ASIDataCompressor.h */,
				048EAAAD19268A040030B406 /* ASIDataCompressor.m */,
				048EAAAE19268A040030B406 /* ASIDataDecompressor.h */,
				048EAAAF19268A040030B406 /* ASIDataDecompressor.m */,
				048EAAB019268A040030B406 /* ASIDownloadCache.h */,
				048EAAB119268A040030B406 /* ASIDownloadCache.m */,
				048EAAB219268A040030B406 /* ASIFormDataRequest.h */,
				048EAAB319268A040030B406 /* ASIFormDataRequest.m */,
				048EAAB419268A040030B406 /* ASIHTTPRequest.h */,
				048EAAB519268A040030B406 /* ASIHTTPRequest.m */,
				048EAAB619268A040030B406 /* ASIHTTPRequestConfig.h */,
				048EAAB719268A040030B406 /* ASIHTTPRequestDelegate.h */,
				048EAAB819268A040030B406 /* ASIInputStream.h */,
				048EAAB919268A040030B406 /* ASIInputStream.m */,
				048EAABA19268A040030B406 /* ASINetworkQueue.h */,
				048EAABB19268A040030B406 /* ASINetworkQueue.m */,
				048EAABC19268A040030B406 /* ASIProgressDelegate.h */,
			);
			path = ASIHTTPRequest;
			sourceTree = "<group>";
		};
		DD705BF71957CEE6007DAE8C /* ACAdditions */ = {
			isa = PBXGroup;
			children = (
				DD705BF81957CEE6007DAE8C /* ACAdditions.h */,
				DD705BF91957CEE6007DAE8C /* NSData+ACAdditions.h */,
				DD705BFA1957CEE6007DAE8C /* NSData+ACAdditions.m */,
				DD705BFB1957CEE6007DAE8C /* NSDate+ACAdditions.h */,
				DD705BFC1957CEE6007DAE8C /* NSDate+ACAdditions.m */,
				DD705BFD1957CEE6007DAE8C /* NSDictionary+ACAdditions.h */,
				DD705BFE1957CEE6007DAE8C /* NSDictionary+ACAdditions.m */,
				DD705BFF1957CEE6007DAE8C /* NSObject+ACAdditions.h */,
				DD705C001957CEE6007DAE8C /* NSObject+ACAdditions.m */,
				DD705C011957CEE6007DAE8C /* NSString+ACAdditions.h */,
				DD705C021957CEE6007DAE8C /* NSString+ACAdditions.m */,
				DD705C031957CEE6007DAE8C /* UIAlertView+ACAdditions.h */,
				DD705C041957CEE6007DAE8C /* UIAlertView+ACAdditions.m */,
				DD705C051957CEE6007DAE8C /* UIButton+ACAdditions.h */,
				DD705C061957CEE6007DAE8C /* UIButton+ACAdditions.m */,
				DD705C071957CEE6007DAE8C /* UIImage+ACAdditions.h */,
				DD705C081957CEE6007DAE8C /* UIImage+ACAdditions.m */,
				DD705C091957CEE6007DAE8C /* UIImageView+ACAdditions.h */,
				DD705C0A1957CEE6007DAE8C /* UIImageView+ACAdditions.m */,
				DD705C0B1957CEE6007DAE8C /* UIView+ACAdditions.h */,
				DD705C0C1957CEE6007DAE8C /* UIView+ACAdditions.m */,
				DD705C241957F076007DAE8C /* UIColor+ACAdditions.h */,
				DD705C251957F076007DAE8C /* UIColor+ACAdditions.m */,
			);
			path = ACAdditions;
			sourceTree = "<group>";
		};
		DD705C271957F85F007DAE8C /* SVWebViewController */ = {
			isa = PBXGroup;
			children = (
				DD705C281957F85F007DAE8C /* SVWebViewController.strings */,
				DD705C301957F85F007DAE8C /* SVModalWebViewController.h */,
				DD705C311957F85F007DAE8C /* SVModalWebViewController.m */,
				DD705C321957F85F007DAE8C /* SVWebViewController.bundle */,
				DD705C331957F85F007DAE8C /* SVWebViewController.h */,
				DD705C341957F85F007DAE8C /* SVWebViewController.m */,
				DD705C351957F85F007DAE8C /* UIActivities */,
			);
			path = SVWebViewController;
			sourceTree = "<group>";
		};
		DD705C351957F85F007DAE8C /* UIActivities */ = {
			isa = PBXGroup;
			children = (
				DD705C361957F85F007DAE8C /* Chrome */,
				DD705C3C1957F85F007DAE8C /* Safari */,
				DD705C421957F85F007DAE8C /* SVWebViewControllerActivity.h */,
				DD705C431957F85F007DAE8C /* SVWebViewControllerActivity.m */,
			);
			path = UIActivities;
			sourceTree = "<group>";
		};
		DD705C361957F85F007DAE8C /* Chrome */ = {
			isa = PBXGroup;
			children = (
				DD705C371957F85F007DAE8C /* SVWebViewControllerActivityChrome-iPad.png */,
				DD705C381957F85F007DAE8C /* SVWebViewControllerActivityChrome-iPad@2x.png */,
				DD705C391957F85F007DAE8C /* SVWebViewControllerActivityChrome.h */,
				DD705C3A1957F85F007DAE8C /* SVWebViewControllerActivityChrome.m */,
				DD705C3B1957F85F007DAE8C /* SVWebViewControllerActivityChrome@2x.png */,
			);
			path = Chrome;
			sourceTree = "<group>";
		};
		DD705C3C1957F85F007DAE8C /* Safari */ = {
			isa = PBXGroup;
			children = (
				DD705C3D1957F85F007DAE8C /* SVWebViewControllerActivitySafari-iPad.png */,
				DD705C3E1957F85F007DAE8C /* SVWebViewControllerActivitySafari-iPad@2x.png */,
				DD705C3F1957F85F007DAE8C /* SVWebViewControllerActivitySafari.h */,
				DD705C401957F85F007DAE8C /* SVWebViewControllerActivitySafari.m */,
				DD705C411957F85F007DAE8C /* SVWebViewControllerActivitySafari@2x.png */,
			);
			path = Safari;
			sourceTree = "<group>";
		};
/* End PBXGroup section */

/* Begin PBXNativeTarget section */
		0485388B191157E0000853EB /* ACCommon */ = {
			isa = PBXNativeTarget;
			buildConfigurationList = 048538AF191157E2000853EB /* Build configuration list for PBXNativeTarget "ACCommon" */;
			buildPhases = (
				04853888191157E0000853EB /* Sources */,
				04853889191157E0000853EB /* Frameworks */,
				0485388A191157E0000853EB /* CopyFiles */,
			);
			buildRules = (
			);
			dependencies = (
			);
			name = ACCommon;
			productName = ACCommon;
			productReference = 0485388C191157E0000853EB /* libACCommon.a */;
			productType = "com.apple.product-type.library.static";
		};
		0485389B191157E1000853EB /* ACCommonTests */ = {
			isa = PBXNativeTarget;
			buildConfigurationList = 048538B2191157E2000853EB /* Build configuration list for PBXNativeTarget "ACCommonTests" */;
			buildPhases = (
				04853898191157E1000853EB /* Sources */,
				04853899191157E1000853EB /* Frameworks */,
				0485389A191157E1000853EB /* Resources */,
			);
			buildRules = (
			);
			dependencies = (
				048538A3191157E1000853EB /* PBXTargetDependency */,
			);
			name = ACCommonTests;
			productName = ACCommonTests;
			productReference = 0485389C191157E1000853EB /* ACCommonTests.xctest */;
			productType = "com.apple.product-type.bundle.unit-test";
		};
/* End PBXNativeTarget section */

/* Begin PBXProject section */
		04853884191157DF000853EB /* Project object */ = {
			isa = PBXProject;
			attributes = {
				LastUpgradeCheck = 0510;
				ORGANIZATIONNAME = "Alone Coding";
			};
			buildConfigurationList = 04853887191157DF000853EB /* Build configuration list for PBXProject "ACCommon" */;
			compatibilityVersion = "Xcode 3.2";
			developmentRegion = English;
			hasScannedForEncodings = 0;
			knownRegions = (
				en,
				da,
				de,
				"es-ES",
				es,
				fr,
				ja,
				"zh-Hans",
				"zh-Hant",
			);
			mainGroup = 04853883191157DF000853EB;
			productRefGroup = 0485388D191157E0000853EB /* Products */;
			projectDirPath = "";
			projectRoot = "";
			targets = (
				0485388B191157E0000853EB /* ACCommon */,
				0485389B191157E1000853EB /* ACCommonTests */,
			);
		};
/* End PBXProject section */

/* Begin PBXResourcesBuildPhase section */
		0485389A191157E1000853EB /* Resources */ = {
			isa = PBXResourcesBuildPhase;
			buildActionMask = 2147483647;
			files = (
				048538AA191157E2000853EB /* InfoPlist.strings in Resources */,
			);
			runOnlyForDeploymentPostprocessing = 0;
		};
/* End PBXResourcesBuildPhase section */

/* Begin PBXSourcesBuildPhase section */
		04853888191157E0000853EB /* Sources */ = {
			isa = PBXSourcesBuildPhase;
			buildActionMask = 2147483647;
			files = (
				048EAAA3192671C20030B406 /* ACNetworking.m in Sources */,
				04853AD419116F7E000853EB /* SDWebImageDecoder.m in Sources */,
				04853AC419116F7E000853EB /* AFURLSessionManager.m in Sources */,
				04853AC119116F7E000853EB /* AFURLConnectionOperation.m in Sources */,
				04853ABE19116F7E000853EB /* AFHTTPSessionManager.m in Sources */,
				04853ABF19116F7E000853EB /* AFNetworkReachabilityManager.m in Sources */,
				04853AC019116F7E000853EB /* AFSecurityPolicy.m in Sources */,
				04853A32191165C6000853EB /* ACUtilitys.m in Sources */,
				048EAADD19268A040030B406 /* ASIAuthenticationDialog.m in Sources */,
				DD705C0F1957CEE6007DAE8C /* NSDictionary+ACAdditions.m in Sources */,
				04853AD019116F7E000853EB /* UIImageView+WebCache.m in Sources */,
				04853AD519116F7E000853EB /* SDWebImageManager.m in Sources */,
				04853AD119116F7E000853EB /* SDWebImageDownloader.m in Sources */,
				DD705C491957F85F007DAE8C /* SVWebViewControllerActivitySafari.m in Sources */,
				04853AD219116F7E000853EB /* SDWebImageDownloaderOperation.m in Sources */,
				04853ABD19116F7E000853EB /* AFHTTPRequestOperationManager.m in Sources */,
				DD705C161957CEE6007DAE8C /* UIView+ACAdditions.m in Sources */,
				DD705C111957CEE6007DAE8C /* NSString+ACAdditions.m in Sources */,
				04853AD319116F7E000853EB /* SDWebImageCompat.m in Sources */,
				04853AD719116F7E000853EB /* SoundManager.m in Sources */,
				04853AC519116F7E000853EB /* ChineseToPinyin.m in Sources */,
				04853ACD19116F7E000853EB /* UIImage+GIF.m in Sources */,
				048EAAE419268A040030B406 /* ASINetworkQueue.m in Sources */,
				04853ACE19116F7E000853EB /* UIImage+MultiFormat.m in Sources */,
				DD705C481957F85F007DAE8C /* SVWebViewControllerActivityChrome.m in Sources */,
				04853ACF19116F7E000853EB /* UIImage+WebP.m in Sources */,
				DD705C461957F85F007DAE8C /* SVModalWebViewController.m in Sources */,
				04853AC719116F7E000853EB /* PullingRefreshTableView.m in Sources */,
				048EAAE219268A040030B406 /* ASIHTTPRequest.m in Sources */,
				04853AC919116F7E000853EB /* SDImageCache.m in Sources */,
				04853ACA19116F7E000853EB /* MKAnnotationView+WebCache.m in Sources */,
				DD705C131957CEE6007DAE8C /* UIButton+ACAdditions.m in Sources */,
				04853AD819116F7E000853EB /* SVProgressHUD.m in Sources */,
				DD705C101957CEE6007DAE8C /* NSObject+ACAdditions.m in Sources */,
				DD705C0D1957CEE6007DAE8C /* NSData+ACAdditions.m in Sources */,
				DD705C4A1957F85F007DAE8C /* SVWebViewControllerActivity.m in Sources */,
				048EAAE119268A040030B406 /* ASIFormDataRequest.m in Sources */,
				04853ADB19116F7E000853EB /* TTTAttributedLabel.m in Sources */,
				04853AD619116F7E000853EB /* SDWebImagePrefetcher.m in Sources */,
				048EAADF19268A040030B406 /* ASIDataDecompressor.m in Sources */,
				DD705C471957F85F007DAE8C /* SVWebViewController.m in Sources */,
				04853ACC19116F7E000853EB /* UIButton+WebCache.m in Sources */,
				04853AC219116F7E000853EB /* AFURLRequestSerialization.m in Sources */,
				04853ACB19116F7E000853EB /* NSData+ImageContentType.m in Sources */,
				04853AC819116F7E000853EB /* Reachability.m in Sources */,
				DD705C261957F076007DAE8C /* UIColor+ACAdditions.m in Sources */,
				048EAADE19268A040030B406 /* ASIDataCompressor.m in Sources */,
				04853AF01912AF7E000853EB /* ACTextField.m in Sources */,
				04853ABC19116F7E000853EB /* AFHTTPRequestOperation.m in Sources */,
				0480A7F01912D8D40048880A /* ACTableViewCell.m in Sources */,
				048EAAA7192676DD0030B406 /* ACAnimation.m in Sources */,
				DD705C121957CEE6007DAE8C /* UIAlertView+ACAdditions.m in Sources */,
				DD705C141957CEE6007DAE8C /* UIImage+ACAdditions.m in Sources */,
				045B2303191556C000C8781D /* ACTextView.m in Sources */,
				DD705C151957CEE6007DAE8C /* UIImageView+ACAdditions.m in Sources */,
				048EAAE319268A040030B406 /* ASIInputStream.m in Sources */,
				04853AC319116F7E000853EB /* AFURLResponseSerialization.m in Sources */,
				048EAAE019268A040030B406 /* ASIDownloadCache.m in Sources */,
				DD705C0E1957CEE6007DAE8C /* NSDate+ACAdditions.m in Sources */,
				04853AC619116F7E000853EB /* GTMBase64.m in Sources */,
			);
			runOnlyForDeploymentPostprocessing = 0;
		};
		04853898191157E1000853EB /* Sources */ = {
			isa = PBXSourcesBuildPhase;
			buildActionMask = 2147483647;
			files = (
				048538AC191157E2000853EB /* ACCommonTests.m in Sources */,
			);
			runOnlyForDeploymentPostprocessing = 0;
		};
/* End PBXSourcesBuildPhase section */

/* Begin PBXTargetDependency section */
		048538A3191157E1000853EB /* PBXTargetDependency */ = {
			isa = PBXTargetDependency;
			target = 0485388B191157E0000853EB /* ACCommon */;
			targetProxy = 048538A2191157E1000853EB /* PBXContainerItemProxy */;
		};
/* End PBXTargetDependency section */

/* Begin PBXVariantGroup section */
		048538A8191157E2000853EB /* InfoPlist.strings */ = {
			isa = PBXVariantGroup;
			children = (
				048538A9191157E2000853EB /* en */,
			);
			name = InfoPlist.strings;
			sourceTree = "<group>";
		};
		DD705C281957F85F007DAE8C /* SVWebViewController.strings */ = {
			isa = PBXVariantGroup;
			children = (
				DD705C291957F85F007DAE8C /* da */,
				DD705C2A1957F85F007DAE8C /* de */,
				DD705C2B1957F85F007DAE8C /* en */,
				DD705C2C1957F85F007DAE8C /* es-ES */,
				DD705C2D1957F85F007DAE8C /* es */,
				DD705C2E1957F85F007DAE8C /* fr */,
				DD705C2F1957F85F007DAE8C /* ja */,
				DD705C441957F85F007DAE8C /* zh-Hans */,
				DD705C451957F85F007DAE8C /* zh-Hant */,
			);
			name = SVWebViewController.strings;
			sourceTree = "<group>";
		};
/* End PBXVariantGroup section */

/* Begin XCBuildConfiguration section */
		048538AD191157E2000853EB /* Debug */ = {
			isa = XCBuildConfiguration;
			buildSettings = {
				ALWAYS_SEARCH_USER_PATHS = NO;
				CLANG_CXX_LANGUAGE_STANDARD = "gnu++0x";
				CLANG_CXX_LIBRARY = "libc++";
				CLANG_ENABLE_MODULES = YES;
				CLANG_ENABLE_OBJC_ARC = YES;
				CLANG_WARN_BOOL_CONVERSION = YES;
				CLANG_WARN_CONSTANT_CONVERSION = YES;
				CLANG_WARN_DIRECT_OBJC_ISA_USAGE = YES_ERROR;
				CLANG_WARN_EMPTY_BODY = YES;
				CLANG_WARN_ENUM_CONVERSION = YES;
				CLANG_WARN_INT_CONVERSION = YES;
				CLANG_WARN_OBJC_ROOT_CLASS = YES_ERROR;
				CLANG_WARN__DUPLICATE_METHOD_MATCH = YES;
				COPY_PHASE_STRIP = NO;
				GCC_C_LANGUAGE_STANDARD = gnu99;
				GCC_DYNAMIC_NO_PIC = NO;
				GCC_OPTIMIZATION_LEVEL = 0;
				GCC_PREPROCESSOR_DEFINITIONS = (
					"DEBUG=1",
					"$(inherited)",
				);
				GCC_SYMBOLS_PRIVATE_EXTERN = NO;
				GCC_WARN_64_TO_32_BIT_CONVERSION = YES;
				GCC_WARN_ABOUT_RETURN_TYPE = YES_ERROR;
				GCC_WARN_UNDECLARED_SELECTOR = YES;
				GCC_WARN_UNINITIALIZED_AUTOS = YES_AGGRESSIVE;
				GCC_WARN_UNUSED_FUNCTION = YES;
				GCC_WARN_UNUSED_VARIABLE = YES;
				IPHONEOS_DEPLOYMENT_TARGET = 6.0;
				ONLY_ACTIVE_ARCH = YES;
				SDKROOT = iphoneos;
			};
			name = Debug;
		};
		048538AE191157E2000853EB /* Release */ = {
			isa = XCBuildConfiguration;
			buildSettings = {
				ALWAYS_SEARCH_USER_PATHS = NO;
				CLANG_CXX_LANGUAGE_STANDARD = "gnu++0x";
				CLANG_CXX_LIBRARY = "libc++";
				CLANG_ENABLE_MODULES = YES;
				CLANG_ENABLE_OBJC_ARC = YES;
				CLANG_WARN_BOOL_CONVERSION = YES;
				CLANG_WARN_CONSTANT_CONVERSION = YES;
				CLANG_WARN_DIRECT_OBJC_ISA_USAGE = YES_ERROR;
				CLANG_WARN_EMPTY_BODY = YES;
				CLANG_WARN_ENUM_CONVERSION = YES;
				CLANG_WARN_INT_CONVERSION = YES;
				CLANG_WARN_OBJC_ROOT_CLASS = YES_ERROR;
				CLANG_WARN__DUPLICATE_METHOD_MATCH = YES;
				COPY_PHASE_STRIP = YES;
				ENABLE_NS_ASSERTIONS = NO;
				GCC_C_LANGUAGE_STANDARD = gnu99;
				GCC_WARN_64_TO_32_BIT_CONVERSION = YES;
				GCC_WARN_ABOUT_RETURN_TYPE = YES_ERROR;
				GCC_WARN_UNDECLARED_SELECTOR = YES;
				GCC_WARN_UNINITIALIZED_AUTOS = YES_AGGRESSIVE;
				GCC_WARN_UNUSED_FUNCTION = YES;
				GCC_WARN_UNUSED_VARIABLE = YES;
				IPHONEOS_DEPLOYMENT_TARGET = 6.0;
				SDKROOT = iphoneos;
				VALIDATE_PRODUCT = YES;
			};
			name = Release;
		};
		048538B0191157E2000853EB /* Debug */ = {
			isa = XCBuildConfiguration;
			buildSettings = {
				DSTROOT = /tmp/ACCommon.dst;
				GCC_PRECOMPILE_PREFIX_HEADER = YES;
				GCC_PREFIX_HEADER = "ACCommon/ACCommon-Prefix.pch";
				OTHER_LDFLAGS = "-ObjC";
				PRODUCT_NAME = "$(TARGET_NAME)";
				SKIP_INSTALL = YES;
			};
			name = Debug;
		};
		048538B1191157E2000853EB /* Release */ = {
			isa = XCBuildConfiguration;
			buildSettings = {
				DSTROOT = /tmp/ACCommon.dst;
				GCC_PRECOMPILE_PREFIX_HEADER = YES;
				GCC_PREFIX_HEADER = "ACCommon/ACCommon-Prefix.pch";
				OTHER_LDFLAGS = "-ObjC";
				PRODUCT_NAME = "$(TARGET_NAME)";
				SKIP_INSTALL = YES;
			};
			name = Release;
		};
		048538B3191157E2000853EB /* Debug */ = {
			isa = XCBuildConfiguration;
			buildSettings = {
				FRAMEWORK_SEARCH_PATHS = (
					"$(SDKROOT)/Developer/Library/Frameworks",
					"$(inherited)",
					"$(DEVELOPER_FRAMEWORKS_DIR)",
				);
				GCC_PRECOMPILE_PREFIX_HEADER = YES;
				GCC_PREFIX_HEADER = "ACCommon/ACCommon-Prefix.pch";
				GCC_PREPROCESSOR_DEFINITIONS = (
					"DEBUG=1",
					"$(inherited)",
				);
				INFOPLIST_FILE = "ACCommonTests/ACCommonTests-Info.plist";
				PRODUCT_NAME = "$(TARGET_NAME)";
				WRAPPER_EXTENSION = xctest;
			};
			name = Debug;
		};
		048538B4191157E2000853EB /* Release */ = {
			isa = XCBuildConfiguration;
			buildSettings = {
				FRAMEWORK_SEARCH_PATHS = (
					"$(SDKROOT)/Developer/Library/Frameworks",
					"$(inherited)",
					"$(DEVELOPER_FRAMEWORKS_DIR)",
				);
				GCC_PRECOMPILE_PREFIX_HEADER = YES;
				GCC_PREFIX_HEADER = "ACCommon/ACCommon-Prefix.pch";
				INFOPLIST_FILE = "ACCommonTests/ACCommonTests-Info.plist";
				PRODUCT_NAME = "$(TARGET_NAME)";
				WRAPPER_EXTENSION = xctest;
			};
			name = Release;
		};
/* End XCBuildConfiguration section */

/* Begin XCConfigurationList section */
		04853887191157DF000853EB /* Build configuration list for PBXProject "ACCommon" */ = {
			isa = XCConfigurationList;
			buildConfigurations = (
				048538AD191157E2000853EB /* Debug */,
				048538AE191157E2000853EB /* Release */,
			);
			defaultConfigurationIsVisible = 0;
			defaultConfigurationName = Release;
		};
		048538AF191157E2000853EB /* Build configuration list for PBXNativeTarget "ACCommon" */ = {
			isa = XCConfigurationList;
			buildConfigurations = (
				048538B0191157E2000853EB /* Debug */,
				048538B1191157E2000853EB /* Release */,
			);
			defaultConfigurationIsVisible = 0;
			defaultConfigurationName = Release;
		};
		048538B2191157E2000853EB /* Build configuration list for PBXNativeTarget "ACCommonTests" */ = {
			isa = XCConfigurationList;
			buildConfigurations = (
				048538B3191157E2000853EB /* Debug */,
				048538B4191157E2000853EB /* Release */,
			);
			defaultConfigurationIsVisible = 0;
			defaultConfigurationName = Release;
		};
/* End XCConfigurationList section */
	};
	rootObject = 04853884191157DF000853EB /* Project object */;
}
